
Microsoft Visual Studio Solution File, Format Version 11.00
# Visual Studio 2010
Project("{FAE04EC0-301F-11D3-BF4B-00C04F79EFBC}") = "Assembly-CSharp", "Assembly-CSharp.csproj", "{35696F01-B427-2405-E27C-C730B7CA07F9}"
EndProject
Project("{FAE04EC0-301F-11D3-BF4B-00C04F79EFBC}") = "Assembly-CSharp-Editor", "Assembly-CSharp-Editor.csproj", "{37D85274-69BD-CAB6-6B85-E545D6B08775}"
EndProject
Global
	GlobalSection(SolutionConfigurationPlatforms) = preSolution
		Debug|Any CPU = Debug|Any CPU
		Release|Any CPU = Release|Any CPU
	EndGlobalSection
	GlobalSection(ProjectConfigurationPlatforms) = postSolution
		{35696F01-B427-2405-E27C-C730B7CA07F9}.Debug|Any CPU.ActiveCfg = Debug|Any CPU
		{35696F01-B427-2405-E27C-C730B7CA07F9}.Debug|Any CPU.Build.0 = Debug|Any CPU
		{35696F01-B427-2405-E27C-C730B7CA07F9}.Release|Any CPU.ActiveCfg = Release|Any CPU
		{35696F01-B427-2405-E27C-C730B7CA07F9}.Release|Any CPU.Build.0 = Release|Any CPU
		{37D85274-69BD-CAB6-6B85-E545D6B08775}.Debug|Any CPU.ActiveCfg = Debug|Any CPU
		{37D85274-69BD-CAB6-6B85-E545D6B08775}.Debug|Any CPU.Build.0 = Debug|Any CPU
		{37D85274-69BD-CAB6-6B85-E545D6B08775}.Release|Any CPU.ActiveCfg = Release|Any CPU
		{37D85274-69BD-CAB6-6B85-E545D6B08775}.Release|Any CPU.Build.0 = Release|Any CPU
	EndGlobalSection
	GlobalSection(SolutionProperties) = preSolution
		HideSolutionNode = FALSE
	EndGlobalSection
EndGlobal
